
Microsoft Visual Studio Solution File, Format Version 12.00
# Visual Studio Version 16
VisualStudioVersion = 16.0.31702.278
MinimumVisualStudioVersion = 10.0.40219.1
Project("{2150E333-8FDC-42A3-9474-1A3956D46DE8}") = "Services", "Services", "{312F4859-A42E-4462-972E-9D1AA8FD815F}"
EndProject
Project("{2150E333-8FDC-42A3-9474-1A3956D46DE8}") = "Authentication", "Authentication", "{A692D155-F707-43E6-B517-4C19183DFA85}"
EndProject
Project("{9A19103F-16F7-4668-BE54-9A1E7A4F7556}") = "Authentication.API", "Services\Authentication\Authentication.API\Authentication.API.csproj", "{D0ABE974-13DF-424C-8B72-78298FF5B7AC}"
EndProject
Project("{9A19103F-16F7-4668-BE54-9A1E7A4F7556}") = "Authentication.Application", "Services\Authentication\Authentication.Application\Authentication.Application.csproj", "{7ABA1CD0-393E-4C11-863D-A2FBA684085A}"
EndProject
Project("{9A19103F-16F7-4668-BE54-9A1E7A4F7556}") = "Authentication.Common", "Services\Authentication\Authentication.Common\Authentication.Common.csproj", "{6AE85103-F48F-4559-96C6-17CFD35F5ADB}"
EndProject
Project("{9A19103F-16F7-4668-BE54-9A1E7A4F7556}") = "Authentication.Domain", "Services\Authentication\Authentication.Domain\Authentication.Domain.csproj", "{5CE9F523-5D1B-4148-AAEA-0AE036D820DE}"
EndProject
Project("{9A19103F-16F7-4668-BE54-9A1E7A4F7556}") = "Authentication.Infrastructure", "Services\Authentication\Authentication.Infrastructure\Authentication.Infrastructure.csproj", "{1EA2F0B0-DB66-4AFF-B684-3F794529F67D}"
EndProject
Project("{E53339B2-1760-4266-BCC7-CA923CBCF16C}") = "docker-compose", "docker-compose.dcproj", "{D0917258-C143-429C-8CB6-783469512493}"
EndProject
Project("{2150E333-8FDC-42A3-9474-1A3956D46DE8}") = "Shared", "Shared", "{460A54E1-1F07-44AD-AFB7-24795BA1C844}"
EndProject
Project("{2150E333-8FDC-42A3-9474-1A3956D46DE8}") = "Localization", "Localization", "{09062701-541B-4B1F-99AE-407A455CC02B}"
EndProject
Project("{9A19103F-16F7-4668-BE54-9A1E7A4F7556}") = "Localization.Grpc", "Services\Localization\Localization.Grpc\Localization.Grpc.csproj", "{B2546ED8-673E-464A-9FAF-F3FBB6826A6A}"
EndProject
Project("{9A19103F-16F7-4668-BE54-9A1E7A4F7556}") = "Localization.Integration", "Services\Localization\Localization.Integration\Localization.Integration.csproj", "{D9FCA171-2E03-411F-B998-3FB03E370943}"
EndProject
Project("{9A19103F-16F7-4668-BE54-9A1E7A4F7556}") = "Localization.Application", "Services\Localization\Localization.Core\Localization.Application.csproj", "{53A98906-65CE-4118-ACE2-DBAC65E7AD24}"
EndProject
Project("{9A19103F-16F7-4668-BE54-9A1E7A4F7556}") = "Localization.Domain", "Services\Localization\Localization.Domain\Localization.Domain.csproj", "{C4F48BB7-8BF8-44F2-A553-FB266D145EE3}"
EndProject
Project("{9A19103F-16F7-4668-BE54-9A1E7A4F7556}") = "SharedKernal", "Services\Shared\Shared\SharedKernal.csproj", "{73B98EA6-D8A3-4BAD-A76E-71703E86DAD6}"
EndProject
Project("{2150E333-8FDC-42A3-9474-1A3956D46DE8}") = "Tasks", "Tasks", "{517063FF-B028-44CC-8677-2E36024D61A8}"
EndProject
Project("{9A19103F-16F7-4668-BE54-9A1E7A4F7556}") = "Tasks.API", "Services\Tasks\Tasks.API\Tasks.API.csproj", "{E2B66968-7088-40C3-B3C1-0E436AD8A2F3}"
EndProject
Project("{9A19103F-16F7-4668-BE54-9A1E7A4F7556}") = "Tasks.Application", "..\Tasks.Application\Tasks.Application.csproj", "{9E7417F2-4408-4CE9-9DE3-BD5D8028E403}"
EndProject
Project("{9A19103F-16F7-4668-BE54-9A1E7A4F7556}") = "Tasks.Domain", "..\Tasks.Domain\Tasks.Domain.csproj", "{6F70BEE2-D5A0-4012-B6AD-71B65513798C}"
EndProject
Project("{9A19103F-16F7-4668-BE54-9A1E7A4F7556}") = "Tasks.Infrastructure", "..\Tasks.Infrastructure\Tasks.Infrastructure.csproj", "{F5CF773C-AEE2-4619-ADBC-B7689BA2BF06}"
EndProject
Project("{2150E333-8FDC-42A3-9474-1A3956D46DE8}") = "MessagingQueue", "MessagingQueue", "{72AE8530-03D1-44B3-9E70-16A0912DB44A}"
EndProject
Project("{9A19103F-16F7-4668-BE54-9A1E7A4F7556}") = "EventsBus.Messages", "..\MessagingQueue.Messages\EventsBus.Messages.csproj", "{5F630F3A-917E-4E6A-8905-75126EEBE7D4}"
EndProject
Project("{2150E333-8FDC-42A3-9474-1A3956D46DE8}") = "Announcement", "Announcement", "{FF35ACA7-2CE3-47DC-A55B-2A364A733CA3}"
EndProject
Project("{9A19103F-16F7-4668-BE54-9A1E7A4F7556}") = "Announcement.API", "Services\Announcement\Announcement.API\Announcement.API.csproj", "{207DEFF0-F217-4E7E-B0EE-4A9D90E847D3}"
EndProject
Project("{9A19103F-16F7-4668-BE54-9A1E7A4F7556}") = "Announcement.Application", "Services\Announcement\Announcement.Application\Announcement.Application.csproj", "{B3564F64-1AAE-4402-A85F-DFBE7CEC5B9D}"
EndProject
Project("{9A19103F-16F7-4668-BE54-9A1E7A4F7556}") = "Annoucement.Infrastructure", "Services\Announcement\Annoucement.Integration\Annoucement.Infrastructure.csproj", "{EEE60D01-A11B-4C0D-B85A-6988739A38C7}"
EndProject
Project("{9A19103F-16F7-4668-BE54-9A1E7A4F7556}") = "EventBus.Action", "..\EventBus.Action\EventBus.Action.csproj", "{B1CC9E49-A677-4366-A786-F0193930CCEF}"
EndProject
Project("{9A19103F-16F7-4668-BE54-9A1E7A4F7556}") = "Tasks.Job", "Services\Tasks\Tasks.Job\Tasks.Job.csproj", "{F4148AAE-4F3D-4892-B6F5-5EA9232B8BF3}"
EndProject
Project("{2150E333-8FDC-42A3-9474-1A3956D46DE8}") = "Pomodoros", "Pomodoros", "{323C60E0-29C2-45BC-9146-D9190DEDED92}"
EndProject
Project("{FAE04EC0-301F-11D3-BF4B-00C04F79EFBC}") = "Pomodoros.API", "Services\Pomodoros\Pomodoros.API\Pomodoros.API.csproj", "{6C70D270-DD38-4F2C-8E74-2C908DE64834}"
EndProject
Project("{FAE04EC0-301F-11D3-BF4B-00C04F79EFBC}") = "Pomodoros.Application", "Services\Pomodoros\Pomodoros.Application\Pomodoros.Application.csproj", "{8FC33848-C33A-4EA4-9CD4-92A3CE7A43E0}"
EndProject
Project("{FAE04EC0-301F-11D3-BF4B-00C04F79EFBC}") = "Pomodoros.Domain", "Services\Pomodoros\Pomodoros.Domain\Pomodoros.Domain.csproj", "{5287A73A-845D-4C4C-B26E-02BB8E371088}"
EndProject
Project("{FAE04EC0-301F-11D3-BF4B-00C04F79EFBC}") = "Pomodoros.Infrastructure", "Services\Pomodoros\Pomodoros.Infrastructure\Pomodoros.Infrastructure.csproj", "{5CFFE6E8-CD48-402D-B799-642B897E7283}"
EndProject
Global
	GlobalSection(SolutionConfigurationPlatforms) = preSolution
		Debug|Any CPU = Debug|Any CPU
		Release|Any CPU = Release|Any CPU
	EndGlobalSection
	GlobalSection(ProjectConfigurationPlatforms) = postSolution
		{D0ABE974-13DF-424C-8B72-78298FF5B7AC}.Debug|Any CPU.ActiveCfg = Debug|Any CPU
		{D0ABE974-13DF-424C-8B72-78298FF5B7AC}.Debug|Any CPU.Build.0 = Debug|Any CPU
		{D0ABE974-13DF-424C-8B72-78298FF5B7AC}.Release|Any CPU.ActiveCfg = Release|Any CPU
		{D0ABE974-13DF-424C-8B72-78298FF5B7AC}.Release|Any CPU.Build.0 = Release|Any CPU
		{7ABA1CD0-393E-4C11-863D-A2FBA684085A}.Debug|Any CPU.ActiveCfg = Debug|Any CPU
		{7ABA1CD0-393E-4C11-863D-A2FBA684085A}.Debug|Any CPU.Build.0 = Debug|Any CPU
		{7ABA1CD0-393E-4C11-863D-A2FBA684085A}.Release|Any CPU.ActiveCfg = Release|Any CPU
		{7ABA1CD0-393E-4C11-863D-A2FBA684085A}.Release|Any CPU.Build.0 = Release|Any CPU
		{6AE85103-F48F-4559-96C6-17CFD35F5ADB}.Debug|Any CPU.ActiveCfg = Debug|Any CPU
		{6AE85103-F48F-4559-96C6-17CFD35F5ADB}.Debug|Any CPU.Build.0 = Debug|Any CPU
		{6AE85103-F48F-4559-96C6-17CFD35F5ADB}.Release|Any CPU.ActiveCfg = Release|Any CPU
		{6AE85103-F48F-4559-96C6-17CFD35F5ADB}.Release|Any CPU.Build.0 = Release|Any CPU
		{5CE9F523-5D1B-4148-AAEA-0AE036D820DE}.Debug|Any CPU.ActiveCfg = Debug|Any CPU
		{5CE9F523-5D1B-4148-AAEA-0AE036D820DE}.Debug|Any CPU.Build.0 = Debug|Any CPU
		{5CE9F523-5D1B-4148-AAEA-0AE036D820DE}.Release|Any CPU.ActiveCfg = Release|Any CPU
		{5CE9F523-5D1B-4148-AAEA-0AE036D820DE}.Release|Any CPU.Build.0 = Release|Any CPU
		{1EA2F0B0-DB66-4AFF-B684-3F794529F67D}.Debug|Any CPU.ActiveCfg = Debug|Any CPU
		{1EA2F0B0-DB66-4AFF-B684-3F794529F67D}.Debug|Any CPU.Build.0 = Debug|Any CPU
		{1EA2F0B0-DB66-4AFF-B684-3F794529F67D}.Release|Any CPU.ActiveCfg = Release|Any CPU
		{1EA2F0B0-DB66-4AFF-B684-3F794529F67D}.Release|Any CPU.Build.0 = Release|Any CPU
		{D0917258-C143-429C-8CB6-783469512493}.Debug|Any CPU.ActiveCfg = Debug|Any CPU
		{D0917258-C143-429C-8CB6-783469512493}.Debug|Any CPU.Build.0 = Debug|Any CPU
		{D0917258-C143-429C-8CB6-783469512493}.Release|Any CPU.ActiveCfg = Release|Any CPU
		{D0917258-C143-429C-8CB6-783469512493}.Release|Any CPU.Build.0 = Release|Any CPU
		{B2546ED8-673E-464A-9FAF-F3FBB6826A6A}.Debug|Any CPU.ActiveCfg = Debug|Any CPU
		{B2546ED8-673E-464A-9FAF-F3FBB6826A6A}.Debug|Any CPU.Build.0 = Debug|Any CPU
		{B2546ED8-673E-464A-9FAF-F3FBB6826A6A}.Release|Any CPU.ActiveCfg = Release|Any CPU
		{B2546ED8-673E-464A-9FAF-F3FBB6826A6A}.Release|Any CPU.Build.0 = Release|Any CPU
		{D9FCA171-2E03-411F-B998-3FB03E370943}.Debug|Any CPU.ActiveCfg = Debug|Any CPU
		{D9FCA171-2E03-411F-B998-3FB03E370943}.Debug|Any CPU.Build.0 = Debug|Any CPU
		{D9FCA171-2E03-411F-B998-3FB03E370943}.Release|Any CPU.ActiveCfg = Release|Any CPU
		{D9FCA171-2E03-411F-B998-3FB03E370943}.Release|Any CPU.Build.0 = Release|Any CPU
		{53A98906-65CE-4118-ACE2-DBAC65E7AD24}.Debug|Any CPU.ActiveCfg = Debug|Any CPU
		{53A98906-65CE-4118-ACE2-DBAC65E7AD24}.Debug|Any CPU.Build.0 = Debug|Any CPU
		{53A98906-65CE-4118-ACE2-DBAC65E7AD24}.Release|Any CPU.ActiveCfg = Release|Any CPU
		{53A98906-65CE-4118-ACE2-DBAC65E7AD24}.Release|Any CPU.Build.0 = Release|Any CPU
		{C4F48BB7-8BF8-44F2-A553-FB266D145EE3}.Debug|Any CPU.ActiveCfg = Debug|Any CPU
		{C4F48BB7-8BF8-44F2-A553-FB266D145EE3}.Debug|Any CPU.Build.0 = Debug|Any CPU
		{C4F48BB7-8BF8-44F2-A553-FB266D145EE3}.Release|Any CPU.ActiveCfg = Release|Any CPU
		{C4F48BB7-8BF8-44F2-A553-FB266D145EE3}.Release|Any CPU.Build.0 = Release|Any CPU
		{73B98EA6-D8A3-4BAD-A76E-71703E86DAD6}.Debug|Any CPU.ActiveCfg = Debug|Any CPU
		{73B98EA6-D8A3-4BAD-A76E-71703E86DAD6}.Debug|Any CPU.Build.0 = Debug|Any CPU
		{73B98EA6-D8A3-4BAD-A76E-71703E86DAD6}.Release|Any CPU.ActiveCfg = Release|Any CPU
		{73B98EA6-D8A3-4BAD-A76E-71703E86DAD6}.Release|Any CPU.Build.0 = Release|Any CPU
		{E2B66968-7088-40C3-B3C1-0E436AD8A2F3}.Debug|Any CPU.ActiveCfg = Debug|Any CPU
		{E2B66968-7088-40C3-B3C1-0E436AD8A2F3}.Debug|Any CPU.Build.0 = Debug|Any CPU
		{E2B66968-7088-40C3-B3C1-0E436AD8A2F3}.Release|Any CPU.ActiveCfg = Release|Any CPU
		{E2B66968-7088-40C3-B3C1-0E436AD8A2F3}.Release|Any CPU.Build.0 = Release|Any CPU
		{9E7417F2-4408-4CE9-9DE3-BD5D8028E403}.Debug|Any CPU.ActiveCfg = Debug|Any CPU
		{9E7417F2-4408-4CE9-9DE3-BD5D8028E403}.Debug|Any CPU.Build.0 = Debug|Any CPU
		{9E7417F2-4408-4CE9-9DE3-BD5D8028E403}.Release|Any CPU.ActiveCfg = Release|Any CPU
		{9E7417F2-4408-4CE9-9DE3-BD5D8028E403}.Release|Any CPU.Build.0 = Release|Any CPU
		{6F70BEE2-D5A0-4012-B6AD-71B65513798C}.Debug|Any CPU.ActiveCfg = Debug|Any CPU
		{6F70BEE2-D5A0-4012-B6AD-71B65513798C}.Debug|Any CPU.Build.0 = Debug|Any CPU
		{6F70BEE2-D5A0-4012-B6AD-71B65513798C}.Release|Any CPU.ActiveCfg = Release|Any CPU
		{6F70BEE2-D5A0-4012-B6AD-71B65513798C}.Release|Any CPU.Build.0 = Release|Any CPU
		{F5CF773C-AEE2-4619-ADBC-B7689BA2BF06}.Debug|Any CPU.ActiveCfg = Debug|Any CPU
		{F5CF773C-AEE2-4619-ADBC-B7689BA2BF06}.Debug|Any CPU.Build.0 = Debug|Any CPU
		{F5CF773C-AEE2-4619-ADBC-B7689BA2BF06}.Release|Any CPU.ActiveCfg = Release|Any CPU
		{F5CF773C-AEE2-4619-ADBC-B7689BA2BF06}.Release|Any CPU.Build.0 = Release|Any CPU
		{5F630F3A-917E-4E6A-8905-75126EEBE7D4}.Debug|Any CPU.ActiveCfg = Debug|Any CPU
		{5F630F3A-917E-4E6A-8905-75126EEBE7D4}.Debug|Any CPU.Build.0 = Debug|Any CPU
		{5F630F3A-917E-4E6A-8905-75126EEBE7D4}.Release|Any CPU.ActiveCfg = Release|Any CPU
		{5F630F3A-917E-4E6A-8905-75126EEBE7D4}.Release|Any CPU.Build.0 = Release|Any CPU
		{207DEFF0-F217-4E7E-B0EE-4A9D90E847D3}.Debug|Any CPU.ActiveCfg = Debug|Any CPU
		{207DEFF0-F217-4E7E-B0EE-4A9D90E847D3}.Debug|Any CPU.Build.0 = Debug|Any CPU
		{207DEFF0-F217-4E7E-B0EE-4A9D90E847D3}.Release|Any CPU.ActiveCfg = Release|Any CPU
		{207DEFF0-F217-4E7E-B0EE-4A9D90E847D3}.Release|Any CPU.Build.0 = Release|Any CPU
		{B3564F64-1AAE-4402-A85F-DFBE7CEC5B9D}.Debug|Any CPU.ActiveCfg = Debug|Any CPU
		{B3564F64-1AAE-4402-A85F-DFBE7CEC5B9D}.Debug|Any CPU.Build.0 = Debug|Any CPU
		{B3564F64-1AAE-4402-A85F-DFBE7CEC5B9D}.Release|Any CPU.ActiveCfg = Release|Any CPU
		{B3564F64-1AAE-4402-A85F-DFBE7CEC5B9D}.Release|Any CPU.Build.0 = Release|Any CPU
		{EEE60D01-A11B-4C0D-B85A-6988739A38C7}.Debug|Any CPU.ActiveCfg = Debug|Any CPU
		{EEE60D01-A11B-4C0D-B85A-6988739A38C7}.Debug|Any CPU.Build.0 = Debug|Any CPU
		{EEE60D01-A11B-4C0D-B85A-6988739A38C7}.Release|Any CPU.ActiveCfg = Release|Any CPU
		{EEE60D01-A11B-4C0D-B85A-6988739A38C7}.Release|Any CPU.Build.0 = Release|Any CPU
		{B1CC9E49-A677-4366-A786-F0193930CCEF}.Debug|Any CPU.ActiveCfg = Debug|Any CPU
		{B1CC9E49-A677-4366-A786-F0193930CCEF}.Debug|Any CPU.Build.0 = Debug|Any CPU
		{B1CC9E49-A677-4366-A786-F0193930CCEF}.Release|Any CPU.ActiveCfg = Release|Any CPU
		{B1CC9E49-A677-4366-A786-F0193930CCEF}.Release|Any CPU.Build.0 = Release|Any CPU
		{F4148AAE-4F3D-4892-B6F5-5EA9232B8BF3}.Debug|Any CPU.ActiveCfg = Debug|Any CPU
		{F4148AAE-4F3D-4892-B6F5-5EA9232B8BF3}.Debug|Any CPU.Build.0 = Debug|Any CPU
		{F4148AAE-4F3D-4892-B6F5-5EA9232B8BF3}.Release|Any CPU.ActiveCfg = Release|Any CPU
		{F4148AAE-4F3D-4892-B6F5-5EA9232B8BF3}.Release|Any CPU.Build.0 = Release|Any CPU
		{6C70D270-DD38-4F2C-8E74-2C908DE64834}.Debug|Any CPU.ActiveCfg = Debug|Any CPU
		{6C70D270-DD38-4F2C-8E74-2C908DE64834}.Debug|Any CPU.Build.0 = Debug|Any CPU
		{6C70D270-DD38-4F2C-8E74-2C908DE64834}.Release|Any CPU.ActiveCfg = Release|Any CPU
		{6C70D270-DD38-4F2C-8E74-2C908DE64834}.Release|Any CPU.Build.0 = Release|Any CPU
		{8FC33848-C33A-4EA4-9CD4-92A3CE7A43E0}.Debug|Any CPU.ActiveCfg = Debug|Any CPU
		{8FC33848-C33A-4EA4-9CD4-92A3CE7A43E0}.Debug|Any CPU.Build.0 = Debug|Any CPU
		{8FC33848-C33A-4EA4-9CD4-92A3CE7A43E0}.Release|Any CPU.ActiveCfg = Release|Any CPU
		{8FC33848-C33A-4EA4-9CD4-92A3CE7A43E0}.Release|Any CPU.Build.0 = Release|Any CPU
		{5287A73A-845D-4C4C-B26E-02BB8E371088}.Debug|Any CPU.ActiveCfg = Debug|Any CPU
		{5287A73A-845D-4C4C-B26E-02BB8E371088}.Debug|Any CPU.Build.0 = Debug|Any CPU
		{5287A73A-845D-4C4C-B26E-02BB8E371088}.Release|Any CPU.ActiveCfg = Release|Any CPU
		{5287A73A-845D-4C4C-B26E-02BB8E371088}.Release|Any CPU.Build.0 = Release|Any CPU
		{5CFFE6E8-CD48-402D-B799-642B897E7283}.Debug|Any CPU.ActiveCfg = Debug|Any CPU
		{5CFFE6E8-CD48-402D-B799-642B897E7283}.Debug|Any CPU.Build.0 = Debug|Any CPU
		{5CFFE6E8-CD48-402D-B799-642B897E7283}.Release|Any CPU.ActiveCfg = Release|Any CPU
		{5CFFE6E8-CD48-402D-B799-642B897E7283}.Release|Any CPU.Build.0 = Release|Any CPU
	EndGlobalSection
	GlobalSection(SolutionProperties) = preSolution
		HideSolutionNode = FALSE
	EndGlobalSection
	GlobalSection(NestedProjects) = preSolution
		{A692D155-F707-43E6-B517-4C19183DFA85} = {312F4859-A42E-4462-972E-9D1AA8FD815F}
		{D0ABE974-13DF-424C-8B72-78298FF5B7AC} = {A692D155-F707-43E6-B517-4C19183DFA85}
		{7ABA1CD0-393E-4C11-863D-A2FBA684085A} = {A692D155-F707-43E6-B517-4C19183DFA85}
		{6AE85103-F48F-4559-96C6-17CFD35F5ADB} = {A692D155-F707-43E6-B517-4C19183DFA85}
		{5CE9F523-5D1B-4148-AAEA-0AE036D820DE} = {A692D155-F707-43E6-B517-4C19183DFA85}
		{1EA2F0B0-DB66-4AFF-B684-3F794529F67D} = {A692D155-F707-43E6-B517-4C19183DFA85}
		{460A54E1-1F07-44AD-AFB7-24795BA1C844} = {312F4859-A42E-4462-972E-9D1AA8FD815F}
		{09062701-541B-4B1F-99AE-407A455CC02B} = {312F4859-A42E-4462-972E-9D1AA8FD815F}
		{B2546ED8-673E-464A-9FAF-F3FBB6826A6A} = {09062701-541B-4B1F-99AE-407A455CC02B}
		{D9FCA171-2E03-411F-B998-3FB03E370943} = {09062701-541B-4B1F-99AE-407A455CC02B}
		{53A98906-65CE-4118-ACE2-DBAC65E7AD24} = {09062701-541B-4B1F-99AE-407A455CC02B}
		{C4F48BB7-8BF8-44F2-A553-FB266D145EE3} = {09062701-541B-4B1F-99AE-407A455CC02B}
		{73B98EA6-D8A3-4BAD-A76E-71703E86DAD6} = {460A54E1-1F07-44AD-AFB7-24795BA1C844}
		{517063FF-B028-44CC-8677-2E36024D61A8} = {312F4859-A42E-4462-972E-9D1AA8FD815F}
		{E2B66968-7088-40C3-B3C1-0E436AD8A2F3} = {517063FF-B028-44CC-8677-2E36024D61A8}
		{9E7417F2-4408-4CE9-9DE3-BD5D8028E403} = {517063FF-B028-44CC-8677-2E36024D61A8}
		{6F70BEE2-D5A0-4012-B6AD-71B65513798C} = {517063FF-B028-44CC-8677-2E36024D61A8}
		{F5CF773C-AEE2-4619-ADBC-B7689BA2BF06} = {517063FF-B028-44CC-8677-2E36024D61A8}
		{72AE8530-03D1-44B3-9E70-16A0912DB44A} = {312F4859-A42E-4462-972E-9D1AA8FD815F}
		{5F630F3A-917E-4E6A-8905-75126EEBE7D4} = {72AE8530-03D1-44B3-9E70-16A0912DB44A}
		{FF35ACA7-2CE3-47DC-A55B-2A364A733CA3} = {312F4859-A42E-4462-972E-9D1AA8FD815F}
		{207DEFF0-F217-4E7E-B0EE-4A9D90E847D3} = {FF35ACA7-2CE3-47DC-A55B-2A364A733CA3}
		{B3564F64-1AAE-4402-A85F-DFBE7CEC5B9D} = {FF35ACA7-2CE3-47DC-A55B-2A364A733CA3}
		{EEE60D01-A11B-4C0D-B85A-6988739A38C7} = {FF35ACA7-2CE3-47DC-A55B-2A364A733CA3}
		{B1CC9E49-A677-4366-A786-F0193930CCEF} = {72AE8530-03D1-44B3-9E70-16A0912DB44A}
		{F4148AAE-4F3D-4892-B6F5-5EA9232B8BF3} = {517063FF-B028-44CC-8677-2E36024D61A8}
		{323C60E0-29C2-45BC-9146-D9190DEDED92} = {312F4859-A42E-4462-972E-9D1AA8FD815F}
		{6C70D270-DD38-4F2C-8E74-2C908DE64834} = {323C60E0-29C2-45BC-9146-D9190DEDED92}
		{8FC33848-C33A-4EA4-9CD4-92A3CE7A43E0} = {323C60E0-29C2-45BC-9146-D9190DEDED92}
		{5287A73A-845D-4C4C-B26E-02BB8E371088} = {323C60E0-29C2-45BC-9146-D9190DEDED92}
		{5CFFE6E8-CD48-402D-B799-642B897E7283} = {323C60E0-29C2-45BC-9146-D9190DEDED92}
	EndGlobalSection
	GlobalSection(ExtensibilityGlobals) = postSolution
		SolutionGuid = {731805E9-6E70-491C-BA20-47DC8B87829C}
	EndGlobalSection
EndGlobal
